
Microsoft Visual Studio Solution File, Format Version 12.00
# Visual Studio Version 17
VisualStudioVersion = 17.9.34518.117
MinimumVisualStudioVersion = 10.0.40219.1
Project("{FAE04EC0-301F-11D3-BF4B-00C04F79EFBC}") = "ByteRegularExpression", "ByteRegularExpression.csproj", "{3AE131E2-FEE5-445A-8FE3-219FC4C9B869}"
EndProject
Global
	GlobalSection(SolutionConfigurationPlatforms) = preSolution
		Debug|Any CPU = Debug|Any CPU
		Release|Any CPU = Release|Any CPU
	EndGlobalSection
	GlobalSection(ProjectConfigurationPlatforms) = postSolution
		{3AE131E2-FEE5-445A-8FE3-219FC4C9B869}.Debug|Any CPU.ActiveCfg = Debug|Any CPU
		{3AE131E2-FEE5-445A-8FE3-219FC4C9B869}.Debug|Any CPU.Build.0 = Debug|Any CPU
		{3AE131E2-FEE5-445A-8FE3-219FC4C9B869}.Release|Any CPU.ActiveCfg = Release|Any CPU
		{3AE131E2-FEE5-445A-8FE3-219FC4C9B869}.Release|Any CPU.Build.0 = Release|Any CPU
	EndGlobalSection
	GlobalSection(SolutionProperties) = preSolution
		HideSolutionNode = FALSE
	EndGlobalSection
	GlobalSection(ExtensibilityGlobals) = postSolution
		SolutionGuid = {2E15BC34-53DB-4D1A-860A-05EBBC4C8221}
	EndGlobalSection
EndGlobal
